// !$*UTF8*$!
{
	archiveVersion = 1;
	classes = {
	};
	objectVersion = 50;
	objects = {

/* Begin PBXBuildFile section */
		D50F2D42235D61B200DE4D95 /* Solution3.swift in Sources */ = {isa = PBXBuildFile; fileRef = D50F2D41235D61B200DE4D95 /* Solution3.swift */; };
		D517F836235D904E00CADBE7 /* Solution4.swift in Sources */ = {isa = PBXBuildFile; fileRef = D517F835235D904E00CADBE7 /* Solution4.swift */; };
		D58E7AB12359AE7300CA4727 /* main.swift in Sources */ = {isa = PBXBuildFile; fileRef = D58E7AB02359AE7300CA4727 /* main.swift */; };
		D58E7AB82359AE8E00CA4727 /* Solution1.swift in Sources */ = {isa = PBXBuildFile; fileRef = D58E7AB72359AE8E00CA4727 /* Solution1.swift */; };
		D58E7ABA2359AEA300CA4727 /* Util.swift in Sources */ = {isa = PBXBuildFile; fileRef = D58E7AB92359AEA300CA4727 /* Util.swift */; };
		D58E7ABC2359AED000CA4727 /* Solution2.swift in Sources */ = {isa = PBXBuildFile; fileRef = D58E7ABB2359AED000CA4727 /* Solution2.swift */; };
/* End PBXBuildFile section */

/* Begin PBXCopyFilesBuildPhase section */
		D58E7AAB2359AE7300CA4727 /* CopyFiles */ = {
			isa = PBXCopyFilesBuildPhase;
			buildActionMask = 2147483647;
			dstPath = /usr/share/man/man1/;
			dstSubfolderSpec = 0;
			files = (
			);
			runOnlyForDeploymentPostprocessing = 1;
		};
/* End PBXCopyFilesBuildPhase section */

/* Begin PBXFileReference section */
		D50F2D41235D61B200DE4D95 /* Solution3.swift */ = {isa = PBXFileReference; lastKnownFileType = sourcecode.swift; path = Solution3.swift; sourceTree = "<group>"; };
		D517F835235D904E00CADBE7 /* Solution4.swift */ = {isa = PBXFileReference; lastKnownFileType = sourcecode.swift; path = Solution4.swift; sourceTree = "<group>"; };
		D58E7AAD2359AE7300CA4727 /* LongestPalindromicSubstring */ = {isa = PBXFileReference; explicitFileType = "compiled.mach-o.executable"; includeInIndex = 0; path = LongestPalindromicSubstring; sourceTree = BUILT_PRODUCTS_DIR; };
		D58E7AB02359AE7300CA4727 /* main.swift */ = {isa = PBXFileReference; lastKnownFileType = sourcecode.swift; path = main.swift; sourceTree = "<group>"; };
		D58E7AB72359AE8E00CA4727 /* Solution1.swift */ = {isa = PBXFileReference; lastKnownFileType = sourcecode.swift; path = Solution1.swift; sourceTree = "<group>"; };
		D58E7AB92359AEA300CA4727 /* Util.swift */ = {isa = PBXFileReference; lastKnownFileType = sourcecode.swift; path = Util.swift; sourceTree = "<group>"; };
		D58E7ABB2359AED000CA4727 /* Solution2.swift */ = {isa = PBXFileReference; lastKnownFileType = sourcecode.swift; path = Solution2.swift; sourceTree = "<group>"; };
/* End PBXFileReference section */

/* Begin PBXFrameworksBuildPhase section */
		D58E7AAA2359AE7300CA4727 /* Frameworks */ = {
			isa = PBXFrameworksBuildPhase;
			buildActionMask = 2147483647;
			files = (
			);
			runOnlyForDeploymentPostprocessing = 0;
		};
/* End PBXFrameworksBuildPhase section */

/* Begin PBXGroup section */
		D58E7AA42359AE7300CA4727 = {
			isa = PBXGroup;
			children = (
				D58E7AAF2359AE7300CA4727 /* LongestPalindromicSubstring */,
				D58E7AAE2359AE7300CA4727 /* Products */,
			);
			sourceTree = "<group>";
		};
		D58E7AAE2359AE7300CA4727 /* Products */ = {
			isa = PBXGroup;
			children = (
				D58E7AAD2359AE7300CA4727 /* LongestPalindromicSubstring */,
			);
			name = Products;
			sourceTree = "<group>";
		};
		D58E7AAF2359AE7300CA4727 /* LongestPalindromicSubstring */ = {
			isa = PBXGroup;
			children = (
				D58E7AB02359AE7300CA4727 /* main.swift */,
				D58E7AB92359AEA300CA4727 /* Util.swift */,
				D58E7AB72359AE8E00CA4727 /* Solution1.swift */,
				D58E7ABB2359AED000CA4727 /* Solution2.swift */,
				D50F2D41235D61B200DE4D95 /* Solution3.swift */,
				D517F835235D904E00CADBE7 /* Solution4.swift */,
			);
			path = LongestPalindromicSubstring;
			sourceTree = "<group>";
		};
/* End PBXGroup section */

/* Begin PBXNativeTarget section */
		D58E7AAC2359AE7300CA4727 /* LongestPalindromicSubstring */ = {
			isa = PBXNativeTarget;
			buildConfigurationList = D58E7AB42359AE7300CA4727 /* Build configuration list for PBXNativeTarget "LongestPalindromicSubstring" */;
			buildPhases = (
				D58E7AA92359AE7300CA4727 /* Sources */,
				D58E7AAA2359AE7300CA4727 /* Frameworks */,
				D58E7AAB2359AE7300CA4727 /* CopyFiles */,
			);
			buildRules = (
			);
			dependencies = (
			);
			name = LongestPalindromicSubstring;
			productName = LongestPalindromicSubstring;
			productReference = D58E7AAD2359AE7300CA4727 /* LongestPalindromicSubstring */;
			productType = "com.apple.product-type.tool";
		};
/* End PBXNativeTarget section */

/* Begin PBXProject section */
		D58E7AA52359AE7300CA4727 /* Project object */ = {
			isa = PBXProject;
			attributes = {
				LastSwiftUpdateCheck = 1110;
				LastUpgradeCheck = 1110;
				ORGANIZATIONNAME = jinjiahui;
				TargetAttributes = {
					D58E7AAC2359AE7300CA4727 = {
						CreatedOnToolsVersion = 11.1;
					};
				};
			};
			buildConfigurationList = D58E7AA82359AE7300CA4727 /* Build configuration list for PBXProject "LongestPalindromicSubstring" */;
			compatibilityVersion = "Xcode 9.3";
			developmentRegion = en;
			hasScannedForEncodings = 0;
			knownRegions = (
				en,
				Base,
			);
			mainGroup = D58E7AA42359AE7300CA4727;
			productRefGroup = D58E7AAE2359AE7300CA4727 /* Products */;
			projectDirPath = "";
			projectRoot = "";
			targets = (
				D58E7AAC2359AE7300CA4727 /* LongestPalindromicSubstring */,
			);
		};
/* End PBXProject section */

/* Begin PBXSourcesBuildPhase section */
		D58E7AA92359AE7300CA4727 /* Sources */ = {
			isa = PBXSourcesBuildPhase;
			buildActionMask = 2147483647;
			files = (
				D58E7AB82359AE8E00CA4727 /* Solution1.swift in Sources */,
				D517F836235D904E00CADBE7 /* Solution4.swift in Sources */,
				D58E7ABC2359AED000CA4727 /* Solution2.swift in Sources */,
				D50F2D42235D61B200DE4D95 /* Solution3.swift in Sources */,
				D58E7ABA2359AEA300CA4727 /* Util.swift in Sources */,
				D58E7AB12359AE7300CA4727 /* main.swift in Sources */,
			);
			runOnlyForDeploymentPostprocessing = 0;
		};
/* End PBXSourcesBuildPhase section */

/* Begin XCBuildConfiguration section */
		D58E7AB22359AE7300CA4727 /* Debug */ = {
			isa = XCBuildConfiguration;
			buildSettings = {
				ALWAYS_SEARCH_USER_PATHS = NO;
				CLANG_ANALYZER_NONNULL = YES;
				CLANG_ANALYZER_NUMBER_OBJECT_CONVERSION = YES_AGGRESSIVE;
				CLANG_CXX_LANGUAGE_STANDARD = "gnu++14";
				CLANG_CXX_LIBRARY = "libc++";
				CLANG_ENABLE_MODULES = YES;
				CLANG_ENABLE_OBJC_ARC = YES;
				CLANG_ENABLE_OBJC_WEAK = YES;
				CLANG_WARN_BLOCK_CAPTURE_AUTORELEASING = YES;
				CLANG_WARN_BOOL_CONVERSION = YES;
				CLANG_WARN_COMMA = YES;
				CLANG_WARN_CONSTANT_CONVERSION = YES;
				CLANG_WARN_DEPRECATED_OBJC_IMPLEMENTATIONS = YES;
				CLANG_WARN_DIRECT_OBJC_ISA_USAGE = YES_ERROR;
				CLANG_WARN_DOCUMENTATION_COMMENTS = YES;
				CLANG_WARN_EMPTY_BODY = YES;
				CLANG_WARN_ENUM_CONVERSION = YES;
				CLANG_WARN_INFINITE_RECURSION = YES;
				CLANG_WARN_INT_CONVERSION = YES;
				CLANG_WARN_NON_LITERAL_NULL_CONVERSION = YES;
				CLANG_WARN_OBJC_IMPLICIT_RETAIN_SELF = YES;
				CLANG_WARN_OBJC_LITERAL_CONVERSION = YES;
				CLANG_WARN_OBJC_ROOT_CLASS = YES_ERROR;
				CLANG_WARN_RANGE_LOOP_ANALYSIS = YES;
				CLANG_WARN_STRICT_PROTOTYPES = YES;
				CLANG_WARN_SUSPICIOUS_MOVE = YES;
				CLANG_WARN_UNGUARDED_AVAILABILITY = YES_AGGRESSIVE;
				CLANG_WARN_UNREACHABLE_CODE = YES;
				CLANG_WARN__DUPLICATE_METHOD_MATCH = YES;
				COPY_PHASE_STRIP = NO;
				DEBUG_INFORMATION_FORMAT = dwarf;
				ENABLE_STRICT_OBJC_MSGSEND = YES;
				ENABLE_TESTABILITY = YES;
				GCC_C_LANGUAGE_STANDARD = gnu11;
				GCC_DYNAMIC_NO_PIC = NO;
				GCC_NO_COMMON_BLOCKS = YES;
				GCC_OPTIMIZATION_LEVEL = 0;
				GCC_PREPROCESSOR_DEFINITIONS = (
					"DEBUG=1",
					"$(inherited)",
				);
				GCC_WARN_64_TO_32_BIT_CONVERSION = YES;
				GCC_WARN_ABOUT_RETURN_TYPE = YES_ERROR;
				GCC_WARN_UNDECLARED_SELECTOR = YES;
				GCC_WARN_UNINITIALIZED_AUTOS = YES_AGGRESSIVE;
				GCC_WARN_UNUSED_FUNCTION = YES;
				GCC_WARN_UNUSED_VARIABLE = YES;
				MACOSX_DEPLOYMENT_TARGET = 10.14;
				MTL_ENABLE_DEBUG_INFO = INCLUDE_SOURCE;
				MTL_FAST_MATH = YES;
				ONLY_ACTIVE_ARCH = YES;
				SDKROOT = macosx;
				SWIFT_ACTIVE_COMPILATION_CONDITIONS = DEBUG;
				SWIFT_OPTIMIZATION_LEVEL = "-Onone";
			};
			name = Debug;
		};
		D58E7AB32359AE7300CA4727 /* Release */ = {
			isa = XCBuildConfiguration;
			buildSettings = {
				ALWAYS_SEARCH_USER_PATHS = NO;
				CLANG_ANALYZER_NONNULL = YES;
				CLANG_ANALYZER_NUMBER_OBJECT_CONVERSION = YES_AGGRESSIVE;
				CLANG_CXX_LANGUAGE_STANDARD = "gnu++14";
				CLANG_CXX_LIBRARY = "libc++";
				CLANG_ENABLE_MODULES = YES;
				CLANG_ENABLE_OBJC_ARC = YES;
				CLANG_ENABLE_OBJC_WEAK = YES;
				CLANG_WARN_BLOCK_CAPTURE_AUTORELEASING = YES;
				CLANG_WARN_BOOL_CONVERSION = YES;
				CLANG_WARN_COMMA = YES;
				CLANG_WARN_CONSTANT_CONVERSION = YES;
				CLANG_WARN_DEPRECATED_OBJC_IMPLEMENTATIONS = YES;
				CLANG_WARN_DIRECT_OBJC_ISA_USAGE = YES_ERROR;
				CLANG_WARN_DOCUMENTATION_COMMENTS = YES;
				CLANG_WARN_EMPTY_BODY = YES;
				CLANG_WARN_ENUM_CONVERSION = YES;
				CLANG_WARN_INFINITE_RECURSION = YES;
				CLANG_WARN_INT_CONVERSION = YES;
				CLANG_WARN_NON_LITERAL_NULL_CONVERSION = YES;
				CLANG_WARN_OBJC_IMPLICIT_RETAIN_SELF = YES;
				CLANG_WARN_OBJC_LITERAL_CONVERSION = YES;
				CLANG_WARN_OBJC_ROOT_CLASS = YES_ERROR;
				CLANG_WARN_RANGE_LOOP_ANALYSIS = YES;
				CLANG_WARN_STRICT_PROTOTYPES = YES;
				CLANG_WARN_SUSPICIOUS_MOVE = YES;
				CLANG_WARN_UNGUARDED_AVAILABILITY = YES_AGGRESSIVE;
				CLANG_WARN_UNREACHABLE_CODE = YES;
				CLANG_WARN__DUPLICATE_METHOD_MATCH = YES;
				COPY_PHASE_STRIP = NO;
				DEBUG_INFORMATION_FORMAT = "dwarf-with-dsym";
				ENABLE_NS_ASSERTIONS = NO;
				ENABLE_STRICT_OBJC_MSGSEND = YES;
				GCC_C_LANGUAGE_STANDARD = gnu11;
				GCC_NO_COMMON_BLOCKS = YES;
				GCC_WARN_64_TO_32_BIT_CONVERSION = YES;
				GCC_WARN_ABOUT_RETURN_TYPE = YES_ERROR;
				GCC_WARN_UNDECLARED_SELECTOR = YES;
				GCC_WARN_UNINITIALIZED_AUTOS = YES_AGGRESSIVE;
				GCC_WARN_UNUSED_FUNCTION = YES;
				GCC_WARN_UNUSED_VARIABLE = YES;
				MACOSX_DEPLOYMENT_TARGET = 10.14;
				MTL_ENABLE_DEBUG_INFO = NO;
				MTL_FAST_MATH = YES;
				SDKROOT = macosx;
				SWIFT_COMPILATION_MODE = wholemodule;
				SWIFT_OPTIMIZATION_LEVEL = "-O";
			};
			name = Release;
		};
		D58E7AB52359AE7300CA4727 /* Debug */ = {
			isa = XCBuildConfiguration;
			buildSettings = {
				CODE_SIGN_STYLE = Automatic;
				DEVELOPMENT_TEAM = 897SN97QDY;
				ENABLE_HARDENED_RUNTIME = YES;
				PRODUCT_NAME = "$(TARGET_NAME)";
				SWIFT_VERSION = 5.0;
			};
			name = Debug;
		};
		D58E7AB62359AE7300CA4727 /* Release */ = {
			isa = XCBuildConfiguration;
			buildSettings = {
				CODE_SIGN_STYLE = Automatic;
				DEVELOPMENT_TEAM = 897SN97QDY;
				ENABLE_HARDENED_RUNTIME = YES;
				PRODUCT_NAME = "$(TARGET_NAME)";
				SWIFT_VERSION = 5.0;
			};
			name = Release;
		};
/* End XCBuildConfiguration section */

/* Begin XCConfigurationList section */
		D58E7AA82359AE7300CA4727 /* Build configuration list for PBXProject "LongestPalindromicSubstring" */ = {
			isa = XCConfigurationList;
			buildConfigurations = (
				D58E7AB22359AE7300CA4727 /* Debug */,
				D58E7AB32359AE7300CA4727 /* Release */,
			);
			defaultConfigurationIsVisible = 0;
			defaultConfigurationName = Release;
		};
		D58E7AB42359AE7300CA4727 /* Build configuration list for PBXNativeTarget "LongestPalindromicSubstring" */ = {
			isa = XCConfigurationList;
			buildConfigurations = (
				D58E7AB52359AE7300CA4727 /* Debug */,
				D58E7AB62359AE7300CA4727 /* Release */,
			);
			defaultConfigurationIsVisible = 0;
			defaultConfigurationName = Release;
		};
/* End XCConfigurationList section */
	};
	rootObject = D58E7AA52359AE7300CA4727 /* Project object */;
}
