// !$*UTF8*$!
{
	archiveVersion = 1;
	classes = {
	};
	objectVersion = 50;
	objects = {

/* Begin PBXBuildFile section */
		ABA4C00123B09F4B0060586D /* main.swift in Sources */ = {isa = PBXBuildFile; fileRef = ABA4C00023B09F4B0060586D /* main.swift */; };
		ABA4C00823B09F670060586D /* Solution1.swift in Sources */ = {isa = PBXBuildFile; fileRef = ABA4C00723B09F670060586D /* Solution1.swift */; };
		ABA4C00A23B0A0410060586D /* SimplifiedVersion.swift in Sources */ = {isa = PBXBuildFile; fileRef = ABA4C00923B0A0410060586D /* SimplifiedVersion.swift */; };
		ABA4C00C23B0A3E30060586D /* TestCases.swift in Sources */ = {isa = PBXBuildFile; fileRef = ABA4C00B23B0A3E30060586D /* TestCases.swift */; };
		ABA4C00E23B0AA0E0060586D /* Utilites.swift in Sources */ = {isa = PBXBuildFile; fileRef = ABA4C00D23B0AA0E0060586D /* Utilites.swift */; };
		ABA4C01023B0BF000060586D /* Solution4.swift in Sources */ = {isa = PBXBuildFile; fileRef = ABA4C00F23B0BF000060586D /* Solution4.swift */; };
		ABA4C01223B0C08B0060586D /* Solution2.swift in Sources */ = {isa = PBXBuildFile; fileRef = ABA4C01123B0C08B0060586D /* Solution2.swift */; };
		ABA4C01423B0F4B90060586D /* Solution3.swift in Sources */ = {isa = PBXBuildFile; fileRef = ABA4C01323B0F4B80060586D /* Solution3.swift */; };
/* End PBXBuildFile section */

/* Begin PBXCopyFilesBuildPhase section */
		ABA4BFFB23B09F4B0060586D /* CopyFiles */ = {
			isa = PBXCopyFilesBuildPhase;
			buildActionMask = 2147483647;
			dstPath = /usr/share/man/man1/;
			dstSubfolderSpec = 0;
			files = (
			);
			runOnlyForDeploymentPostprocessing = 1;
		};
/* End PBXCopyFilesBuildPhase section */

/* Begin PBXFileReference section */
		ABA4BFFD23B09F4B0060586D /* MinStack */ = {isa = PBXFileReference; explicitFileType = "compiled.mach-o.executable"; includeInIndex = 0; path = MinStack; sourceTree = BUILT_PRODUCTS_DIR; };
		ABA4C00023B09F4B0060586D /* main.swift */ = {isa = PBXFileReference; lastKnownFileType = sourcecode.swift; path = main.swift; sourceTree = "<group>"; };
		ABA4C00723B09F670060586D /* Solution1.swift */ = {isa = PBXFileReference; lastKnownFileType = sourcecode.swift; path = Solution1.swift; sourceTree = "<group>"; };
		ABA4C00923B0A0410060586D /* SimplifiedVersion.swift */ = {isa = PBXFileReference; lastKnownFileType = sourcecode.swift; path = SimplifiedVersion.swift; sourceTree = "<group>"; };
		ABA4C00B23B0A3E30060586D /* TestCases.swift */ = {isa = PBXFileReference; lastKnownFileType = sourcecode.swift; path = TestCases.swift; sourceTree = "<group>"; };
		ABA4C00D23B0AA0E0060586D /* Utilites.swift */ = {isa = PBXFileReference; lastKnownFileType = sourcecode.swift; path = Utilites.swift; sourceTree = "<group>"; };
		ABA4C00F23B0BF000060586D /* Solution4.swift */ = {isa = PBXFileReference; lastKnownFileType = sourcecode.swift; path = Solution4.swift; sourceTree = "<group>"; };
		ABA4C01123B0C08B0060586D /* Solution2.swift */ = {isa = PBXFileReference; lastKnownFileType = sourcecode.swift; path = Solution2.swift; sourceTree = "<group>"; };
		ABA4C01323B0F4B80060586D /* Solution3.swift */ = {isa = PBXFileReference; lastKnownFileType = sourcecode.swift; path = Solution3.swift; sourceTree = "<group>"; };
/* End PBXFileReference section */

/* Begin PBXFrameworksBuildPhase section */
		ABA4BFFA23B09F4B0060586D /* Frameworks */ = {
			isa = PBXFrameworksBuildPhase;
			buildActionMask = 2147483647;
			files = (
			);
			runOnlyForDeploymentPostprocessing = 0;
		};
/* End PBXFrameworksBuildPhase section */

/* Begin PBXGroup section */
		ABA4BFF423B09F4B0060586D = {
			isa = PBXGroup;
			children = (
				ABA4BFFF23B09F4B0060586D /* MinStack */,
				ABA4BFFE23B09F4B0060586D /* Products */,
			);
			sourceTree = "<group>";
		};
		ABA4BFFE23B09F4B0060586D /* Products */ = {
			isa = PBXGroup;
			children = (
				ABA4BFFD23B09F4B0060586D /* MinStack */,
			);
			name = Products;
			sourceTree = "<group>";
		};
		ABA4BFFF23B09F4B0060586D /* MinStack */ = {
			isa = PBXGroup;
			children = (
				ABA4C00023B09F4B0060586D /* main.swift */,
				ABA4C00923B0A0410060586D /* SimplifiedVersion.swift */,
				ABA4C00723B09F670060586D /* Solution1.swift */,
				ABA4C01123B0C08B0060586D /* Solution2.swift */,
				ABA4C01323B0F4B80060586D /* Solution3.swift */,
				ABA4C00F23B0BF000060586D /* Solution4.swift */,
				ABA4C00B23B0A3E30060586D /* TestCases.swift */,
				ABA4C00D23B0AA0E0060586D /* Utilites.swift */,
			);
			path = MinStack;
			sourceTree = "<group>";
		};
/* End PBXGroup section */

/* Begin PBXNativeTarget section */
		ABA4BFFC23B09F4B0060586D /* MinStack */ = {
			isa = PBXNativeTarget;
			buildConfigurationList = ABA4C00423B09F4B0060586D /* Build configuration list for PBXNativeTarget "MinStack" */;
			buildPhases = (
				ABA4BFF923B09F4B0060586D /* Sources */,
				ABA4BFFA23B09F4B0060586D /* Frameworks */,
				ABA4BFFB23B09F4B0060586D /* CopyFiles */,
			);
			buildRules = (
			);
			dependencies = (
			);
			name = MinStack;
			productName = MinStack;
			productReference = ABA4BFFD23B09F4B0060586D /* MinStack */;
			productType = "com.apple.product-type.tool";
		};
/* End PBXNativeTarget section */

/* Begin PBXProject section */
		ABA4BFF523B09F4B0060586D /* Project object */ = {
			isa = PBXProject;
			attributes = {
				LastSwiftUpdateCheck = 1120;
				LastUpgradeCheck = 1120;
				ORGANIZATIONNAME = "Banghua Zhao";
				TargetAttributes = {
					ABA4BFFC23B09F4B0060586D = {
						CreatedOnToolsVersion = 11.2.1;
					};
				};
			};
			buildConfigurationList = ABA4BFF823B09F4B0060586D /* Build configuration list for PBXProject "MinStack" */;
			compatibilityVersion = "Xcode 9.3";
			developmentRegion = en;
			hasScannedForEncodings = 0;
			knownRegions = (
				en,
				Base,
			);
			mainGroup = ABA4BFF423B09F4B0060586D;
			productRefGroup = ABA4BFFE23B09F4B0060586D /* Products */;
			projectDirPath = "";
			projectRoot = "";
			targets = (
				ABA4BFFC23B09F4B0060586D /* MinStack */,
			);
		};
/* End PBXProject section */

/* Begin PBXSourcesBuildPhase section */
		ABA4BFF923B09F4B0060586D /* Sources */ = {
			isa = PBXSourcesBuildPhase;
			buildActionMask = 2147483647;
			files = (
				ABA4C01223B0C08B0060586D /* Solution2.swift in Sources */,
				ABA4C01423B0F4B90060586D /* Solution3.swift in Sources */,
				ABA4C00E23B0AA0E0060586D /* Utilites.swift in Sources */,
				ABA4C01023B0BF000060586D /* Solution4.swift in Sources */,
				ABA4C00823B09F670060586D /* Solution1.swift in Sources */,
				ABA4C00C23B0A3E30060586D /* TestCases.swift in Sources */,
				ABA4C00123B09F4B0060586D /* main.swift in Sources */,
				ABA4C00A23B0A0410060586D /* SimplifiedVersion.swift in Sources */,
			);
			runOnlyForDeploymentPostprocessing = 0;
		};
/* End PBXSourcesBuildPhase section */

/* Begin XCBuildConfiguration section */
		ABA4C00223B09F4B0060586D /* Debug */ = {
			isa = XCBuildConfiguration;
			buildSettings = {
				ALWAYS_SEARCH_USER_PATHS = NO;
				CLANG_ANALYZER_NONNULL = YES;
				CLANG_ANALYZER_NUMBER_OBJECT_CONVERSION = YES_AGGRESSIVE;
				CLANG_CXX_LANGUAGE_STANDARD = "gnu++14";
				CLANG_CXX_LIBRARY = "libc++";
				CLANG_ENABLE_MODULES = YES;
				CLANG_ENABLE_OBJC_ARC = YES;
				CLANG_ENABLE_OBJC_WEAK = YES;
				CLANG_WARN_BLOCK_CAPTURE_AUTORELEASING = YES;
				CLANG_WARN_BOOL_CONVERSION = YES;
				CLANG_WARN_COMMA = YES;
				CLANG_WARN_CONSTANT_CONVERSION = YES;
				CLANG_WARN_DEPRECATED_OBJC_IMPLEMENTATIONS = YES;
				CLANG_WARN_DIRECT_OBJC_ISA_USAGE = YES_ERROR;
				CLANG_WARN_DOCUMENTATION_COMMENTS = YES;
				CLANG_WARN_EMPTY_BODY = YES;
				CLANG_WARN_ENUM_CONVERSION = YES;
				CLANG_WARN_INFINITE_RECURSION = YES;
				CLANG_WARN_INT_CONVERSION = YES;
				CLANG_WARN_NON_LITERAL_NULL_CONVERSION = YES;
				CLANG_WARN_OBJC_IMPLICIT_RETAIN_SELF = YES;
				CLANG_WARN_OBJC_LITERAL_CONVERSION = YES;
				CLANG_WARN_OBJC_ROOT_CLASS = YES_ERROR;
				CLANG_WARN_RANGE_LOOP_ANALYSIS = YES;
				CLANG_WARN_STRICT_PROTOTYPES = YES;
				CLANG_WARN_SUSPICIOUS_MOVE = YES;
				CLANG_WARN_UNGUARDED_AVAILABILITY = YES_AGGRESSIVE;
				CLANG_WARN_UNREACHABLE_CODE = YES;
				CLANG_WARN__DUPLICATE_METHOD_MATCH = YES;
				COPY_PHASE_STRIP = NO;
				DEBUG_INFORMATION_FORMAT = dwarf;
				ENABLE_STRICT_OBJC_MSGSEND = YES;
				ENABLE_TESTABILITY = YES;
				GCC_C_LANGUAGE_STANDARD = gnu11;
				GCC_DYNAMIC_NO_PIC = NO;
				GCC_NO_COMMON_BLOCKS = YES;
				GCC_OPTIMIZATION_LEVEL = 0;
				GCC_PREPROCESSOR_DEFINITIONS = (
					"DEBUG=1",
					"$(inherited)",
				);
				GCC_WARN_64_TO_32_BIT_CONVERSION = YES;
				GCC_WARN_ABOUT_RETURN_TYPE = YES_ERROR;
				GCC_WARN_UNDECLARED_SELECTOR = YES;
				GCC_WARN_UNINITIALIZED_AUTOS = YES_AGGRESSIVE;
				GCC_WARN_UNUSED_FUNCTION = YES;
				GCC_WARN_UNUSED_VARIABLE = YES;
				MACOSX_DEPLOYMENT_TARGET = 10.15;
				MTL_ENABLE_DEBUG_INFO = INCLUDE_SOURCE;
				MTL_FAST_MATH = YES;
				ONLY_ACTIVE_ARCH = YES;
				SDKROOT = macosx;
				SWIFT_ACTIVE_COMPILATION_CONDITIONS = DEBUG;
				SWIFT_OPTIMIZATION_LEVEL = "-Onone";
			};
			name = Debug;
		};
		ABA4C00323B09F4B0060586D /* Release */ = {
			isa = XCBuildConfiguration;
			buildSettings = {
				ALWAYS_SEARCH_USER_PATHS = NO;
				CLANG_ANALYZER_NONNULL = YES;
				CLANG_ANALYZER_NUMBER_OBJECT_CONVERSION = YES_AGGRESSIVE;
				CLANG_CXX_LANGUAGE_STANDARD = "gnu++14";
				CLANG_CXX_LIBRARY = "libc++";
				CLANG_ENABLE_MODULES = YES;
				CLANG_ENABLE_OBJC_ARC = YES;
				CLANG_ENABLE_OBJC_WEAK = YES;
				CLANG_WARN_BLOCK_CAPTURE_AUTORELEASING = YES;
				CLANG_WARN_BOOL_CONVERSION = YES;
				CLANG_WARN_COMMA = YES;
				CLANG_WARN_CONSTANT_CONVERSION = YES;
				CLANG_WARN_DEPRECATED_OBJC_IMPLEMENTATIONS = YES;
				CLANG_WARN_DIRECT_OBJC_ISA_USAGE = YES_ERROR;
				CLANG_WARN_DOCUMENTATION_COMMENTS = YES;
				CLANG_WARN_EMPTY_BODY = YES;
				CLANG_WARN_ENUM_CONVERSION = YES;
				CLANG_WARN_INFINITE_RECURSION = YES;
				CLANG_WARN_INT_CONVERSION = YES;
				CLANG_WARN_NON_LITERAL_NULL_CONVERSION = YES;
				CLANG_WARN_OBJC_IMPLICIT_RETAIN_SELF = YES;
				CLANG_WARN_OBJC_LITERAL_CONVERSION = YES;
				CLANG_WARN_OBJC_ROOT_CLASS = YES_ERROR;
				CLANG_WARN_RANGE_LOOP_ANALYSIS = YES;
				CLANG_WARN_STRICT_PROTOTYPES = YES;
				CLANG_WARN_SUSPICIOUS_MOVE = YES;
				CLANG_WARN_UNGUARDED_AVAILABILITY = YES_AGGRESSIVE;
				CLANG_WARN_UNREACHABLE_CODE = YES;
				CLANG_WARN__DUPLICATE_METHOD_MATCH = YES;
				COPY_PHASE_STRIP = NO;
				DEBUG_INFORMATION_FORMAT = "dwarf-with-dsym";
				ENABLE_NS_ASSERTIONS = NO;
				ENABLE_STRICT_OBJC_MSGSEND = YES;
				GCC_C_LANGUAGE_STANDARD = gnu11;
				GCC_NO_COMMON_BLOCKS = YES;
				GCC_WARN_64_TO_32_BIT_CONVERSION = YES;
				GCC_WARN_ABOUT_RETURN_TYPE = YES_ERROR;
				GCC_WARN_UNDECLARED_SELECTOR = YES;
				GCC_WARN_UNINITIALIZED_AUTOS = YES_AGGRESSIVE;
				GCC_WARN_UNUSED_FUNCTION = YES;
				GCC_WARN_UNUSED_VARIABLE = YES;
				MACOSX_DEPLOYMENT_TARGET = 10.15;
				MTL_ENABLE_DEBUG_INFO = NO;
				MTL_FAST_MATH = YES;
				SDKROOT = macosx;
				SWIFT_COMPILATION_MODE = wholemodule;
				SWIFT_OPTIMIZATION_LEVEL = "-O";
			};
			name = Release;
		};
		ABA4C00523B09F4B0060586D /* Debug */ = {
			isa = XCBuildConfiguration;
			buildSettings = {
				CODE_SIGN_STYLE = Automatic;
				DEVELOPMENT_TEAM = E6968P466E;
				ENABLE_HARDENED_RUNTIME = YES;
				PRODUCT_NAME = "$(TARGET_NAME)";
				SWIFT_VERSION = 5.0;
			};
			name = Debug;
		};
		ABA4C00623B09F4B0060586D /* Release */ = {
			isa = XCBuildConfiguration;
			buildSettings = {
				CODE_SIGN_STYLE = Automatic;
				DEVELOPMENT_TEAM = E6968P466E;
				ENABLE_HARDENED_RUNTIME = YES;
				PRODUCT_NAME = "$(TARGET_NAME)";
				SWIFT_VERSION = 5.0;
			};
			name = Release;
		};
/* End XCBuildConfiguration section */

/* Begin XCConfigurationList section */
		ABA4BFF823B09F4B0060586D /* Build configuration list for PBXProject "MinStack" */ = {
			isa = XCConfigurationList;
			buildConfigurations = (
				ABA4C00223B09F4B0060586D /* Debug */,
				ABA4C00323B09F4B0060586D /* Release */,
			);
			defaultConfigurationIsVisible = 0;
			defaultConfigurationName = Release;
		};
		ABA4C00423B09F4B0060586D /* Build configuration list for PBXNativeTarget "MinStack" */ = {
			isa = XCConfigurationList;
			buildConfigurations = (
				ABA4C00523B09F4B0060586D /* Debug */,
				ABA4C00623B09F4B0060586D /* Release */,
			);
			defaultConfigurationIsVisible = 0;
			defaultConfigurationName = Release;
		};
/* End XCConfigurationList section */
	};
	rootObject = ABA4BFF523B09F4B0060586D /* Project object */;
}
