// !$*UTF8*$!
{
	archiveVersion = 1;
	classes = {
	};
	objectVersion = 50;
	objects = {

/* Begin PBXBuildFile section */
		84EDC7D6247E542700CA73F8 /* main.m in Sources */ = {isa = PBXBuildFile; fileRef = 84EDC7D5247E542700CA73F8 /* main.m */; };
		84EDC7DE247E544A00CA73F8 /* LongestValidParentheses.m in Sources */ = {isa = PBXBuildFile; fileRef = 84EDC7DD247E544A00CA73F8 /* LongestValidParentheses.m */; };
		84EDC7E1247E8CFC00CA73F8 /* Stack.m in Sources */ = {isa = PBXBuildFile; fileRef = 84EDC7E0247E8CFC00CA73F8 /* Stack.m */; };
/* End PBXBuildFile section */

/* Begin PBXCopyFilesBuildPhase section */
		84EDC7D0247E542700CA73F8 /* CopyFiles */ = {
			isa = PBXCopyFilesBuildPhase;
			buildActionMask = 2147483647;
			dstPath = /usr/share/man/man1/;
			dstSubfolderSpec = 0;
			files = (
			);
			runOnlyForDeploymentPostprocessing = 1;
		};
/* End PBXCopyFilesBuildPhase section */

/* Begin PBXFileReference section */
		84EDC7D2247E542700CA73F8 /* LongestValidParentheses */ = {isa = PBXFileReference; explicitFileType = "compiled.mach-o.executable"; includeInIndex = 0; path = LongestValidParentheses; sourceTree = BUILT_PRODUCTS_DIR; };
		84EDC7D5247E542700CA73F8 /* main.m */ = {isa = PBXFileReference; lastKnownFileType = sourcecode.c.objc; path = main.m; sourceTree = "<group>"; };
		84EDC7DC247E544A00CA73F8 /* LongestValidParentheses.h */ = {isa = PBXFileReference; lastKnownFileType = sourcecode.c.h; path = LongestValidParentheses.h; sourceTree = "<group>"; };
		84EDC7DD247E544A00CA73F8 /* LongestValidParentheses.m */ = {isa = PBXFileReference; lastKnownFileType = sourcecode.c.objc; path = LongestValidParentheses.m; sourceTree = "<group>"; };
		84EDC7DF247E8CFC00CA73F8 /* Stack.h */ = {isa = PBXFileReference; lastKnownFileType = sourcecode.c.h; path = Stack.h; sourceTree = "<group>"; };
		84EDC7E0247E8CFC00CA73F8 /* Stack.m */ = {isa = PBXFileReference; lastKnownFileType = sourcecode.c.objc; path = Stack.m; sourceTree = "<group>"; };
/* End PBXFileReference section */

/* Begin PBXFrameworksBuildPhase section */
		84EDC7CF247E542700CA73F8 /* Frameworks */ = {
			isa = PBXFrameworksBuildPhase;
			buildActionMask = 2147483647;
			files = (
			);
			runOnlyForDeploymentPostprocessing = 0;
		};
/* End PBXFrameworksBuildPhase section */

/* Begin PBXGroup section */
		84EDC7C9247E542700CA73F8 = {
			isa = PBXGroup;
			children = (
				84EDC7D4247E542700CA73F8 /* LongestValidParentheses */,
				84EDC7D3247E542700CA73F8 /* Products */,
			);
			sourceTree = "<group>";
		};
		84EDC7D3247E542700CA73F8 /* Products */ = {
			isa = PBXGroup;
			children = (
				84EDC7D2247E542700CA73F8 /* LongestValidParentheses */,
			);
			name = Products;
			sourceTree = "<group>";
		};
		84EDC7D4247E542700CA73F8 /* LongestValidParentheses */ = {
			isa = PBXGroup;
			children = (
				84EDC7D5247E542700CA73F8 /* main.m */,
				84EDC7DC247E544A00CA73F8 /* LongestValidParentheses.h */,
				84EDC7DD247E544A00CA73F8 /* LongestValidParentheses.m */,
				84EDC7DF247E8CFC00CA73F8 /* Stack.h */,
				84EDC7E0247E8CFC00CA73F8 /* Stack.m */,
			);
			path = LongestValidParentheses;
			sourceTree = "<group>";
		};
/* End PBXGroup section */

/* Begin PBXNativeTarget section */
		84EDC7D1247E542700CA73F8 /* LongestValidParentheses */ = {
			isa = PBXNativeTarget;
			buildConfigurationList = 84EDC7D9247E542700CA73F8 /* Build configuration list for PBXNativeTarget "LongestValidParentheses" */;
			buildPhases = (
				84EDC7CE247E542700CA73F8 /* Sources */,
				84EDC7CF247E542700CA73F8 /* Frameworks */,
				84EDC7D0247E542700CA73F8 /* CopyFiles */,
			);
			buildRules = (
			);
			dependencies = (
			);
			name = LongestValidParentheses;
			productName = LongestValidParentheses;
			productReference = 84EDC7D2247E542700CA73F8 /* LongestValidParentheses */;
			productType = "com.apple.product-type.tool";
		};
/* End PBXNativeTarget section */

/* Begin PBXProject section */
		84EDC7CA247E542700CA73F8 /* Project object */ = {
			isa = PBXProject;
			attributes = {
				LastUpgradeCheck = 1120;
				ORGANIZATIONNAME = "roc鹏";
				TargetAttributes = {
					84EDC7D1247E542700CA73F8 = {
						CreatedOnToolsVersion = 11.2.1;
					};
				};
			};
			buildConfigurationList = 84EDC7CD247E542700CA73F8 /* Build configuration list for PBXProject "LongestValidParentheses" */;
			compatibilityVersion = "Xcode 9.3";
			developmentRegion = en;
			hasScannedForEncodings = 0;
			knownRegions = (
				en,
				Base,
			);
			mainGroup = 84EDC7C9247E542700CA73F8;
			productRefGroup = 84EDC7D3247E542700CA73F8 /* Products */;
			projectDirPath = "";
			projectRoot = "";
			targets = (
				84EDC7D1247E542700CA73F8 /* LongestValidParentheses */,
			);
		};
/* End PBXProject section */

/* Begin PBXSourcesBuildPhase section */
		84EDC7CE247E542700CA73F8 /* Sources */ = {
			isa = PBXSourcesBuildPhase;
			buildActionMask = 2147483647;
			files = (
				84EDC7DE247E544A00CA73F8 /* LongestValidParentheses.m in Sources */,
				84EDC7E1247E8CFC00CA73F8 /* Stack.m in Sources */,
				84EDC7D6247E542700CA73F8 /* main.m in Sources */,
			);
			runOnlyForDeploymentPostprocessing = 0;
		};
/* End PBXSourcesBuildPhase section */

/* Begin XCBuildConfiguration section */
		84EDC7D7247E542700CA73F8 /* Debug */ = {
			isa = XCBuildConfiguration;
			buildSettings = {
				ALWAYS_SEARCH_USER_PATHS = NO;
				CLANG_ANALYZER_NONNULL = YES;
				CLANG_ANALYZER_NUMBER_OBJECT_CONVERSION = YES_AGGRESSIVE;
				CLANG_CXX_LANGUAGE_STANDARD = "gnu++14";
				CLANG_CXX_LIBRARY = "libc++";
				CLANG_ENABLE_MODULES = YES;
				CLANG_ENABLE_OBJC_ARC = YES;
				CLANG_ENABLE_OBJC_WEAK = YES;
				CLANG_WARN_BLOCK_CAPTURE_AUTORELEASING = YES;
				CLANG_WARN_BOOL_CONVERSION = YES;
				CLANG_WARN_COMMA = YES;
				CLANG_WARN_CONSTANT_CONVERSION = YES;
				CLANG_WARN_DEPRECATED_OBJC_IMPLEMENTATIONS = YES;
				CLANG_WARN_DIRECT_OBJC_ISA_USAGE = YES_ERROR;
				CLANG_WARN_DOCUMENTATION_COMMENTS = YES;
				CLANG_WARN_EMPTY_BODY = YES;
				CLANG_WARN_ENUM_CONVERSION = YES;
				CLANG_WARN_INFINITE_RECURSION = YES;
				CLANG_WARN_INT_CONVERSION = YES;
				CLANG_WARN_NON_LITERAL_NULL_CONVERSION = YES;
				CLANG_WARN_OBJC_IMPLICIT_RETAIN_SELF = YES;
				CLANG_WARN_OBJC_LITERAL_CONVERSION = YES;
				CLANG_WARN_OBJC_ROOT_CLASS = YES_ERROR;
				CLANG_WARN_RANGE_LOOP_ANALYSIS = YES;
				CLANG_WARN_STRICT_PROTOTYPES = YES;
				CLANG_WARN_SUSPICIOUS_MOVE = YES;
				CLANG_WARN_UNGUARDED_AVAILABILITY = YES_AGGRESSIVE;
				CLANG_WARN_UNREACHABLE_CODE = YES;
				CLANG_WARN__DUPLICATE_METHOD_MATCH = YES;
				COPY_PHASE_STRIP = NO;
				DEBUG_INFORMATION_FORMAT = dwarf;
				ENABLE_STRICT_OBJC_MSGSEND = YES;
				ENABLE_TESTABILITY = YES;
				GCC_C_LANGUAGE_STANDARD = gnu11;
				GCC_DYNAMIC_NO_PIC = NO;
				GCC_NO_COMMON_BLOCKS = YES;
				GCC_OPTIMIZATION_LEVEL = 0;
				GCC_PREPROCESSOR_DEFINITIONS = (
					"DEBUG=1",
					"$(inherited)",
				);
				GCC_WARN_64_TO_32_BIT_CONVERSION = YES;
				GCC_WARN_ABOUT_RETURN_TYPE = YES_ERROR;
				GCC_WARN_UNDECLARED_SELECTOR = YES;
				GCC_WARN_UNINITIALIZED_AUTOS = YES_AGGRESSIVE;
				GCC_WARN_UNUSED_FUNCTION = YES;
				GCC_WARN_UNUSED_VARIABLE = YES;
				MACOSX_DEPLOYMENT_TARGET = 10.14;
				MTL_ENABLE_DEBUG_INFO = INCLUDE_SOURCE;
				MTL_FAST_MATH = YES;
				ONLY_ACTIVE_ARCH = YES;
				SDKROOT = macosx;
			};
			name = Debug;
		};
		84EDC7D8247E542700CA73F8 /* Release */ = {
			isa = XCBuildConfiguration;
			buildSettings = {
				ALWAYS_SEARCH_USER_PATHS = NO;
				CLANG_ANALYZER_NONNULL = YES;
				CLANG_ANALYZER_NUMBER_OBJECT_CONVERSION = YES_AGGRESSIVE;
				CLANG_CXX_LANGUAGE_STANDARD = "gnu++14";
				CLANG_CXX_LIBRARY = "libc++";
				CLANG_ENABLE_MODULES = YES;
				CLANG_ENABLE_OBJC_ARC = YES;
				CLANG_ENABLE_OBJC_WEAK = YES;
				CLANG_WARN_BLOCK_CAPTURE_AUTORELEASING = YES;
				CLANG_WARN_BOOL_CONVERSION = YES;
				CLANG_WARN_COMMA = YES;
				CLANG_WARN_CONSTANT_CONVERSION = YES;
				CLANG_WARN_DEPRECATED_OBJC_IMPLEMENTATIONS = YES;
				CLANG_WARN_DIRECT_OBJC_ISA_USAGE = YES_ERROR;
				CLANG_WARN_DOCUMENTATION_COMMENTS = YES;
				CLANG_WARN_EMPTY_BODY = YES;
				CLANG_WARN_ENUM_CONVERSION = YES;
				CLANG_WARN_INFINITE_RECURSION = YES;
				CLANG_WARN_INT_CONVERSION = YES;
				CLANG_WARN_NON_LITERAL_NULL_CONVERSION = YES;
				CLANG_WARN_OBJC_IMPLICIT_RETAIN_SELF = YES;
				CLANG_WARN_OBJC_LITERAL_CONVERSION = YES;
				CLANG_WARN_OBJC_ROOT_CLASS = YES_ERROR;
				CLANG_WARN_RANGE_LOOP_ANALYSIS = YES;
				CLANG_WARN_STRICT_PROTOTYPES = YES;
				CLANG_WARN_SUSPICIOUS_MOVE = YES;
				CLANG_WARN_UNGUARDED_AVAILABILITY = YES_AGGRESSIVE;
				CLANG_WARN_UNREACHABLE_CODE = YES;
				CLANG_WARN__DUPLICATE_METHOD_MATCH = YES;
				COPY_PHASE_STRIP = NO;
				DEBUG_INFORMATION_FORMAT = "dwarf-with-dsym";
				ENABLE_NS_ASSERTIONS = NO;
				ENABLE_STRICT_OBJC_MSGSEND = YES;
				GCC_C_LANGUAGE_STANDARD = gnu11;
				GCC_NO_COMMON_BLOCKS = YES;
				GCC_WARN_64_TO_32_BIT_CONVERSION = YES;
				GCC_WARN_ABOUT_RETURN_TYPE = YES_ERROR;
				GCC_WARN_UNDECLARED_SELECTOR = YES;
				GCC_WARN_UNINITIALIZED_AUTOS = YES_AGGRESSIVE;
				GCC_WARN_UNUSED_FUNCTION = YES;
				GCC_WARN_UNUSED_VARIABLE = YES;
				MACOSX_DEPLOYMENT_TARGET = 10.14;
				MTL_ENABLE_DEBUG_INFO = NO;
				MTL_FAST_MATH = YES;
				SDKROOT = macosx;
			};
			name = Release;
		};
		84EDC7DA247E542700CA73F8 /* Debug */ = {
			isa = XCBuildConfiguration;
			buildSettings = {
				CODE_SIGN_STYLE = Automatic;
				PRODUCT_NAME = "$(TARGET_NAME)";
			};
			name = Debug;
		};
		84EDC7DB247E542700CA73F8 /* Release */ = {
			isa = XCBuildConfiguration;
			buildSettings = {
				CODE_SIGN_STYLE = Automatic;
				PRODUCT_NAME = "$(TARGET_NAME)";
			};
			name = Release;
		};
/* End XCBuildConfiguration section */

/* Begin XCConfigurationList section */
		84EDC7CD247E542700CA73F8 /* Build configuration list for PBXProject "LongestValidParentheses" */ = {
			isa = XCConfigurationList;
			buildConfigurations = (
				84EDC7D7247E542700CA73F8 /* Debug */,
				84EDC7D8247E542700CA73F8 /* Release */,
			);
			defaultConfigurationIsVisible = 0;
			defaultConfigurationName = Release;
		};
		84EDC7D9247E542700CA73F8 /* Build configuration list for PBXNativeTarget "LongestValidParentheses" */ = {
			isa = XCConfigurationList;
			buildConfigurations = (
				84EDC7DA247E542700CA73F8 /* Debug */,
				84EDC7DB247E542700CA73F8 /* Release */,
			);
			defaultConfigurationIsVisible = 0;
			defaultConfigurationName = Release;
		};
/* End XCConfigurationList section */
	};
	rootObject = 84EDC7CA247E542700CA73F8 /* Project object */;
}
